
Microsoft Visual Studio Solution File, Format Version 12.00
# Visual Studio Version 17
VisualStudioVersion = 17.11.35312.102
MinimumVisualStudioVersion = 10.0.40219.1
Project("{FAE04EC0-301F-11D3-BF4B-00C04F79EFBC}") = "20241023", "20241023\20241023.csproj", "{3FFD4344-727C-4D35-B536-7133DEB6538E}"
EndProject
Global
	GlobalSection(SolutionConfigurationPlatforms) = preSolution
		Debug|Any CPU = Debug|Any CPU
		Release|Any CPU = Release|Any CPU
	EndGlobalSection
	GlobalSection(ProjectConfigurationPlatforms) = postSolution
		{3FFD4344-727C-4D35-B536-7133DEB6538E}.Debug|Any CPU.ActiveCfg = Debug|Any CPU
		{3FFD4344-727C-4D35-B536-7133DEB6538E}.Debug|Any CPU.Build.0 = Debug|Any CPU
		{3FFD4344-727C-4D35-B536-7133DEB6538E}.Release|Any CPU.ActiveCfg = Release|Any CPU
		{3FFD4344-727C-4D35-B536-7133DEB6538E}.Release|Any CPU.Build.0 = Release|Any CPU
	EndGlobalSection
	GlobalSection(SolutionProperties) = preSolution
		HideSolutionNode = FALSE
	EndGlobalSection
	GlobalSection(ExtensibilityGlobals) = postSolution
		SolutionGuid = {35DCA8FA-2A3C-43CA-AA0E-BF252A8E532B}
	EndGlobalSection
EndGlobal
